
Microsoft Visual Studio Solution File, Format Version 12.00
Project("{FAE04EC0-301F-11D3-BF4B-00C04F79EFBC}") = "Ex_01", "Ex_01\Ex_01.csproj", "{52344DC2-2EEC-4DAE-853E-8C96604F1024}"
EndProject
Project("{FAE04EC0-301F-11D3-BF4B-00C04F79EFBC}") = "Ex_02", "Ex_02\Ex_02.csproj", "{51804701-C010-4122-B1E8-EB6543C71500}"
EndProject
Project("{FAE04EC0-301F-11D3-BF4B-00C04F79EFBC}") = "Ex_03", "Ex_03\Ex_03.csproj", "{C08EA833-B8D6-4471-88B7-90CBBA524642}"
EndProject
Project("{FAE04EC0-301F-11D3-BF4B-00C04F79EFBC}") = "Ex_04", "Ex_04\Ex_04.csproj", "{BB5E7039-20A4-4DBC-952B-EDC8409E6A3D}"
EndProject
Project("{FAE04EC0-301F-11D3-BF4B-00C04F79EFBC}") = "Ex_05", "Ex_05\Ex_05.csproj", "{BF274F80-7DF1-46BC-B8E2-74D1BAE062FE}"
EndProject
Project("{FAE04EC0-301F-11D3-BF4B-00C04F79EFBC}") = "Ex_06", "Ex_06\Ex_06.csproj", "{3EFDFEF9-9877-44C9-B79E-F6636A7901A1}"
EndProject
Project("{FAE04EC0-301F-11D3-BF4B-00C04F79EFBC}") = "Ex_07", "Ex_07\Ex_07.csproj", "{B1015DC3-FA44-4BC6-8611-2FF9F3A40406}"
EndProject
Project("{FAE04EC0-301F-11D3-BF4B-00C04F79EFBC}") = "Ex_08", "Ex_08\Ex_08.csproj", "{8D2E867E-E6AD-4540-8E5B-4B08B8983D32}"
EndProject
Project("{FAE04EC0-301F-11D3-BF4B-00C04F79EFBC}") = "Ex_09", "Ex_09\Ex_09.csproj", "{099FCC84-97B5-4849-8D5D-6E2F4CF7A19D}"
EndProject
Project("{FAE04EC0-301F-11D3-BF4B-00C04F79EFBC}") = "Ex_10", "Ex_10\Ex_10.csproj", "{78FA5D5F-E392-4EDA-ABA4-F4306C73E35F}"
EndProject
Project("{FAE04EC0-301F-11D3-BF4B-00C04F79EFBC}") = "Ex_11", "Ex_11\Ex_11.csproj", "{055170BE-6B45-4CAB-800C-64E3D5C4C11A}"
EndProject
Global
	GlobalSection(SolutionConfigurationPlatforms) = preSolution
		Debug|Any CPU = Debug|Any CPU
		Release|Any CPU = Release|Any CPU
	EndGlobalSection
	GlobalSection(ProjectConfigurationPlatforms) = postSolution
		{52344DC2-2EEC-4DAE-853E-8C96604F1024}.Debug|Any CPU.ActiveCfg = Debug|Any CPU
		{52344DC2-2EEC-4DAE-853E-8C96604F1024}.Debug|Any CPU.Build.0 = Debug|Any CPU
		{52344DC2-2EEC-4DAE-853E-8C96604F1024}.Release|Any CPU.ActiveCfg = Release|Any CPU
		{52344DC2-2EEC-4DAE-853E-8C96604F1024}.Release|Any CPU.Build.0 = Release|Any CPU
		{51804701-C010-4122-B1E8-EB6543C71500}.Debug|Any CPU.ActiveCfg = Debug|Any CPU
		{51804701-C010-4122-B1E8-EB6543C71500}.Debug|Any CPU.Build.0 = Debug|Any CPU
		{51804701-C010-4122-B1E8-EB6543C71500}.Release|Any CPU.ActiveCfg = Release|Any CPU
		{51804701-C010-4122-B1E8-EB6543C71500}.Release|Any CPU.Build.0 = Release|Any CPU
		{C08EA833-B8D6-4471-88B7-90CBBA524642}.Debug|Any CPU.ActiveCfg = Debug|Any CPU
		{C08EA833-B8D6-4471-88B7-90CBBA524642}.Debug|Any CPU.Build.0 = Debug|Any CPU
		{C08EA833-B8D6-4471-88B7-90CBBA524642}.Release|Any CPU.ActiveCfg = Release|Any CPU
		{C08EA833-B8D6-4471-88B7-90CBBA524642}.Release|Any CPU.Build.0 = Release|Any CPU
		{BB5E7039-20A4-4DBC-952B-EDC8409E6A3D}.Debug|Any CPU.ActiveCfg = Debug|Any CPU
		{BB5E7039-20A4-4DBC-952B-EDC8409E6A3D}.Debug|Any CPU.Build.0 = Debug|Any CPU
		{BB5E7039-20A4-4DBC-952B-EDC8409E6A3D}.Release|Any CPU.ActiveCfg = Release|Any CPU
		{BB5E7039-20A4-4DBC-952B-EDC8409E6A3D}.Release|Any CPU.Build.0 = Release|Any CPU
		{BF274F80-7DF1-46BC-B8E2-74D1BAE062FE}.Debug|Any CPU.ActiveCfg = Debug|Any CPU
		{BF274F80-7DF1-46BC-B8E2-74D1BAE062FE}.Debug|Any CPU.Build.0 = Debug|Any CPU
		{BF274F80-7DF1-46BC-B8E2-74D1BAE062FE}.Release|Any CPU.ActiveCfg = Release|Any CPU
		{BF274F80-7DF1-46BC-B8E2-74D1BAE062FE}.Release|Any CPU.Build.0 = Release|Any CPU
		{3EFDFEF9-9877-44C9-B79E-F6636A7901A1}.Debug|Any CPU.ActiveCfg = Debug|Any CPU
		{3EFDFEF9-9877-44C9-B79E-F6636A7901A1}.Debug|Any CPU.Build.0 = Debug|Any CPU
		{3EFDFEF9-9877-44C9-B79E-F6636A7901A1}.Release|Any CPU.ActiveCfg = Release|Any CPU
		{3EFDFEF9-9877-44C9-B79E-F6636A7901A1}.Release|Any CPU.Build.0 = Release|Any CPU
		{B1015DC3-FA44-4BC6-8611-2FF9F3A40406}.Debug|Any CPU.ActiveCfg = Debug|Any CPU
		{B1015DC3-FA44-4BC6-8611-2FF9F3A40406}.Debug|Any CPU.Build.0 = Debug|Any CPU
		{B1015DC3-FA44-4BC6-8611-2FF9F3A40406}.Release|Any CPU.ActiveCfg = Release|Any CPU
		{B1015DC3-FA44-4BC6-8611-2FF9F3A40406}.Release|Any CPU.Build.0 = Release|Any CPU
		{8D2E867E-E6AD-4540-8E5B-4B08B8983D32}.Debug|Any CPU.ActiveCfg = Debug|Any CPU
		{8D2E867E-E6AD-4540-8E5B-4B08B8983D32}.Debug|Any CPU.Build.0 = Debug|Any CPU
		{8D2E867E-E6AD-4540-8E5B-4B08B8983D32}.Release|Any CPU.ActiveCfg = Release|Any CPU
		{8D2E867E-E6AD-4540-8E5B-4B08B8983D32}.Release|Any CPU.Build.0 = Release|Any CPU
		{099FCC84-97B5-4849-8D5D-6E2F4CF7A19D}.Debug|Any CPU.ActiveCfg = Debug|Any CPU
		{099FCC84-97B5-4849-8D5D-6E2F4CF7A19D}.Debug|Any CPU.Build.0 = Debug|Any CPU
		{099FCC84-97B5-4849-8D5D-6E2F4CF7A19D}.Release|Any CPU.ActiveCfg = Release|Any CPU
		{099FCC84-97B5-4849-8D5D-6E2F4CF7A19D}.Release|Any CPU.Build.0 = Release|Any CPU
		{78FA5D5F-E392-4EDA-ABA4-F4306C73E35F}.Debug|Any CPU.ActiveCfg = Debug|Any CPU
		{78FA5D5F-E392-4EDA-ABA4-F4306C73E35F}.Debug|Any CPU.Build.0 = Debug|Any CPU
		{78FA5D5F-E392-4EDA-ABA4-F4306C73E35F}.Release|Any CPU.ActiveCfg = Release|Any CPU
		{78FA5D5F-E392-4EDA-ABA4-F4306C73E35F}.Release|Any CPU.Build.0 = Release|Any CPU
		{055170BE-6B45-4CAB-800C-64E3D5C4C11A}.Debug|Any CPU.ActiveCfg = Debug|Any CPU
		{055170BE-6B45-4CAB-800C-64E3D5C4C11A}.Debug|Any CPU.Build.0 = Debug|Any CPU
		{055170BE-6B45-4CAB-800C-64E3D5C4C11A}.Release|Any CPU.ActiveCfg = Release|Any CPU
		{055170BE-6B45-4CAB-800C-64E3D5C4C11A}.Release|Any CPU.Build.0 = Release|Any CPU
	EndGlobalSection
EndGlobal
